
Microsoft Visual Studio Solution File, Format Version 12.00
# Visual Studio Version 17
VisualStudioVersion = 17.14.36429.23 d17.14
MinimumVisualStudioVersion = 10.0.40219.1
Project("{FAE04EC0-301F-11D3-BF4B-00C04F79EFBC}") = "DoAnCk", "DoAnCk\DoAnCk.csproj", "{5EC3E9B2-57E1-4526-A80D-C37563BDA302}"
EndProject
Global
	GlobalSection(SolutionConfigurationPlatforms) = preSolution
		Debug|Any CPU = Debug|Any CPU
		Release|Any CPU = Release|Any CPU
	EndGlobalSection
	GlobalSection(ProjectConfigurationPlatforms) = postSolution
		{5EC3E9B2-57E1-4526-A80D-C37563BDA302}.Debug|Any CPU.ActiveCfg = Debug|Any CPU
		{5EC3E9B2-57E1-4526-A80D-C37563BDA302}.Debug|Any CPU.Build.0 = Debug|Any CPU
		{5EC3E9B2-57E1-4526-A80D-C37563BDA302}.Release|Any CPU.ActiveCfg = Release|Any CPU
		{5EC3E9B2-57E1-4526-A80D-C37563BDA302}.Release|Any CPU.Build.0 = Release|Any CPU
	EndGlobalSection
	GlobalSection(SolutionProperties) = preSolution
		HideSolutionNode = FALSE
	EndGlobalSection
	GlobalSection(ExtensibilityGlobals) = postSolution
		SolutionGuid = {E21D091C-7EF6-47A2-9F8F-27F27366A834}
	EndGlobalSection
EndGlobal
